# This file is automatically @generated by Cargo.
# It is not intended for manual editing.
version = 4

[[package]]
name = "bumpalo"
version = "3.19.1"
source = "registry+https://github.com/rust-lang/crates.io-index"
checksum = "5dd9dc738b7a8311c7ade152424974d8115f2cdad61e8dab8dac9f2362298510"

[[package]]
name = "nash-ast"
version = "0.1.0"
dependencies = [
 "bumpalo",
]

[[package]]
name = "nash-can"
version = "0.1.0"

[[package]]
name = "nash-config"
version = "0.1.0"

[[package]]
name = "nash-constrain"
version = "0.1.0"

[[package]]
name = "nash-parse"
version = "0.1.0"

[[package]]
name = "nash-region"
version = "0.1.0"

[[package]]
name = "nash-solve"
version = "0.1.0"

[[package]]
name = "nash-source"
version = "0.1.0"
dependencies = [
 "bumpalo",
 "nash-region",
]

[[package]]
name = "nashc"
version = "0.1.0"
